{
  "originHash" : "5e021107de9a48f8ea913ae969b1ba3f626d0e29ef82d15ab15cf27ee9344e07",
  "pins" : [
    {
      "identity" : "academy",
      "kind" : "remoteSourceControl",
      "location" : "https://github.com/sofascore/academy",
      "state" : {
        "branch" : "master",
        "revision" : "39f8ee8ea860ce7db20a3f2d1c30bdeeb6d7b94e"
      }
    }
  ],
  "version" : 3
}
